
Microsoft Visual Studio Solution File, Format Version 12.00
# Visual Studio Version 17
VisualStudioVersion = 17.7.34031.279
MinimumVisualStudioVersion = 10.0.40219.1
Project("{FAE04EC0-301F-11D3-BF4B-00C04F79EFBC}") = "automatonApp", "automatonApp\automatonApp.csproj", "{5291A843-52B6-4065-8253-5CE5FA654FC9}"
EndProject
Global
	GlobalSection(SolutionConfigurationPlatforms) = preSolution
		Debug|Any CPU = Debug|Any CPU
		Debug|x64 = Debug|x64
		Release|Any CPU = Release|Any CPU
		Release|x64 = Release|x64
		test|Any CPU = test|Any CPU
		test|x64 = test|x64
	EndGlobalSection
	GlobalSection(ProjectConfigurationPlatforms) = postSolution
		{5291A843-52B6-4065-8253-5CE5FA654FC9}.Debug|Any CPU.ActiveCfg = Debug|Any CPU
		{5291A843-52B6-4065-8253-5CE5FA654FC9}.Debug|Any CPU.Build.0 = Debug|Any CPU
		{5291A843-52B6-4065-8253-5CE5FA654FC9}.Debug|x64.ActiveCfg = Debug|x64
		{5291A843-52B6-4065-8253-5CE5FA654FC9}.Debug|x64.Build.0 = Debug|x64
		{5291A843-52B6-4065-8253-5CE5FA654FC9}.Release|Any CPU.ActiveCfg = Release|Any CPU
		{5291A843-52B6-4065-8253-5CE5FA654FC9}.Release|Any CPU.Build.0 = Release|Any CPU
		{5291A843-52B6-4065-8253-5CE5FA654FC9}.Release|x64.ActiveCfg = Release|x64
		{5291A843-52B6-4065-8253-5CE5FA654FC9}.Release|x64.Build.0 = Release|x64
		{5291A843-52B6-4065-8253-5CE5FA654FC9}.test|Any CPU.ActiveCfg = test|Any CPU
		{5291A843-52B6-4065-8253-5CE5FA654FC9}.test|Any CPU.Build.0 = test|Any CPU
		{5291A843-52B6-4065-8253-5CE5FA654FC9}.test|x64.ActiveCfg = test|x64
		{5291A843-52B6-4065-8253-5CE5FA654FC9}.test|x64.Build.0 = test|x64
	EndGlobalSection
	GlobalSection(SolutionProperties) = preSolution
		HideSolutionNode = FALSE
	EndGlobalSection
	GlobalSection(ExtensibilityGlobals) = postSolution
		SolutionGuid = {89A95BAE-1133-40D8-BC77-B8BE3BFE4D56}
	EndGlobalSection
EndGlobal
